// !$*UTF8*$!
{
	archiveVersion = 1;
	classes = {
	};
	objectVersion = 48;
	objects = {

/* Begin PBXBuildFile section */
		05361EA7222A56E400E3150E /* AppDelegate.swift in Sources */ = {isa = PBXBuildFile; fileRef = 05361EA6222A56E400E3150E /* AppDelegate.swift */; };
		05361EA9222A56E400E3150E /* ViewController.swift in Sources */ = {isa = PBXBuildFile; fileRef = 05361EA8222A56E400E3150E /* ViewController.swift */; };
		05361EAC222A56E400E3150E /* Main.storyboard in Resources */ = {isa = PBXBuildFile; fileRef = 05361EAA222A56E400E3150E /* Main.storyboard */; };
		05361EAE222A56E400E3150E /* Assets.xcassets in Resources */ = {isa = PBXBuildFile; fileRef = 05361EAD222A56E400E3150E /* Assets.xcassets */; };
		05361EB1222A56E400E3150E /* LaunchScreen.storyboard in Resources */ = {isa = PBXBuildFile; fileRef = 05361EAF222A56E400E3150E /* LaunchScreen.storyboard */; };
		50437942E88E18E4AECCC81E /* Pods_Demo_Map.framework in Frameworks */ = {isa = PBXBuildFile; fileRef = AFD4606BAA6B85B2B18D3FD7 /* Pods_Demo_Map.framework */; };
/* End PBXBuildFile section */

/* Begin PBXFileReference section */
		05361EA3222A56E400E3150E /* Demo Map.app */ = {isa = PBXFileReference; explicitFileType = wrapper.application; includeInIndex = 0; path = "Demo Map.app"; sourceTree = BUILT_PRODUCTS_DIR; };
		05361EA6222A56E400E3150E /* AppDelegate.swift */ = {isa = PBXFileReference; lastKnownFileType = sourcecode.swift; path = AppDelegate.swift; sourceTree = "<group>"; };
		05361EA8222A56E400E3150E /* ViewController.swift */ = {isa = PBXFileReference; lastKnownFileType = sourcecode.swift; path = ViewController.swift; sourceTree = "<group>"; };
		05361EAB222A56E400E3150E /* Base */ = {isa = PBXFileReference; lastKnownFileType = file.storyboard; name = Base; path = Base.lproj/Main.storyboard; sourceTree = "<group>"; };
		05361EAD222A56E400E3150E /* Assets.xcassets */ = {isa = PBXFileReference; lastKnownFileType = folder.assetcatalog; path = Assets.xcassets; sourceTree = "<group>"; };
		05361EB0222A56E400E3150E /* Base */ = {isa = PBXFileReference; lastKnownFileType = file.storyboard; name = Base; path = Base.lproj/LaunchScreen.storyboard; sourceTree = "<group>"; };
		05361EB2222A56E400E3150E /* Info.plist */ = {isa = PBXFileReference; lastKnownFileType = text.plist.xml; path = Info.plist; sourceTree = "<group>"; };
		6A680B0EC4B9F4288BD29645 /* Pods-Demo Map.debug.xcconfig */ = {isa = PBXFileReference; includeInIndex = 1; lastKnownFileType = text.xcconfig; name = "Pods-Demo Map.debug.xcconfig"; path = "Pods/Target Support Files/Pods-Demo Map/Pods-Demo Map.debug.xcconfig"; sourceTree = "<group>"; };
		AFD4606BAA6B85B2B18D3FD7 /* Pods_Demo_Map.framework */ = {isa = PBXFileReference; explicitFileType = wrapper.framework; includeInIndex = 0; path = Pods_Demo_Map.framework; sourceTree = BUILT_PRODUCTS_DIR; };
		B426FBAC5FBE5EEA5E975367 /* Pods-Demo Map.release.xcconfig */ = {isa = PBXFileReference; includeInIndex = 1; lastKnownFileType = text.xcconfig; name = "Pods-Demo Map.release.xcconfig"; path = "Pods/Target Support Files/Pods-Demo Map/Pods-Demo Map.release.xcconfig"; sourceTree = "<group>"; };
/* End PBXFileReference section */

/* Begin PBXFrameworksBuildPhase section */
		05361EA0222A56E400E3150E /* Frameworks */ = {
			isa = PBXFrameworksBuildPhase;
			buildActionMask = 2147483647;
			files = (
				50437942E88E18E4AECCC81E /* Pods_Demo_Map.framework in Frameworks */,
			);
			runOnlyForDeploymentPostprocessing = 0;
		};
/* End PBXFrameworksBuildPhase section */

/* Begin PBXGroup section */
		05361E9A222A56E400E3150E = {
			isa = PBXGroup;
			children = (
				05361EA5222A56E400E3150E /* Demo Map */,
				05361EA4222A56E400E3150E /* Products */,
				81D746EB9FF91746B6962000 /* Pods */,
				51DFE46761D0EA5A4D240D9D /* Frameworks */,
			);
			sourceTree = "<group>";
		};
		05361EA4222A56E400E3150E /* Products */ = {
			isa = PBXGroup;
			children = (
				05361EA3222A56E400E3150E /* Demo Map.app */,
			);
			name = Products;
			sourceTree = "<group>";
		};
		05361EA5222A56E400E3150E /* Demo Map */ = {
			isa = PBXGroup;
			children = (
				05361EA6222A56E400E3150E /* AppDelegate.swift */,
				05361EA8222A56E400E3150E /* ViewController.swift */,
				05361EAA222A56E400E3150E /* Main.storyboard */,
				05361EAD222A56E400E3150E /* Assets.xcassets */,
				05361EAF222A56E400E3150E /* LaunchScreen.storyboard */,
				05361EB2222A56E400E3150E /* Info.plist */,
			);
			path = "Demo Map";
			sourceTree = "<group>";
		};
		51DFE46761D0EA5A4D240D9D /* Frameworks */ = {
			isa = PBXGroup;
			children = (
				AFD4606BAA6B85B2B18D3FD7 /* Pods_Demo_Map.framework */,
			);
			name = Frameworks;
			sourceTree = "<group>";
		};
		81D746EB9FF91746B6962000 /* Pods */ = {
			isa = PBXGroup;
			children = (
				6A680B0EC4B9F4288BD29645 /* Pods-Demo Map.debug.xcconfig */,
				B426FBAC5FBE5EEA5E975367 /* Pods-Demo Map.release.xcconfig */,
			);
			name = Pods;
			sourceTree = "<group>";
		};
/* End PBXGroup section */

/* Begin PBXNativeTarget section */
		05361EA2222A56E400E3150E /* Demo Map */ = {
			isa = PBXNativeTarget;
			buildConfigurationList = 05361EB5222A56E400E3150E /* Build configuration list for PBXNativeTarget "Demo Map" */;
			buildPhases = (
				9D1D7DD56C5B6D1882507E15 /* [CP] Check Pods Manifest.lock */,
				05361E9F222A56E400E3150E /* Sources */,
				05361EA0222A56E400E3150E /* Frameworks */,
				05361EA1222A56E400E3150E /* Resources */,
				18068FEA2C998E9618E70AC9 /* [CP] Copy Pods Resources */,
			);
			buildRules = (
			);
			dependencies = (
			);
			name = "Demo Map";
			productName = "Demo Map";
			productReference = 05361EA3222A56E400E3150E /* Demo Map.app */;
			productType = "com.apple.product-type.application";
		};
/* End PBXNativeTarget section */

/* Begin PBXProject section */
		05361E9B222A56E400E3150E /* Project object */ = {
			isa = PBXProject;
			attributes = {
				LastSwiftUpdateCheck = 0920;
				LastUpgradeCheck = 0920;
				ORGANIZATIONNAME = Ragy;
				TargetAttributes = {
					05361EA2222A56E400E3150E = {
						CreatedOnToolsVersion = 9.2;
						ProvisioningStyle = Automatic;
					};
				};
			};
			buildConfigurationList = 05361E9E222A56E400E3150E /* Build configuration list for PBXProject "Demo Map" */;
			compatibilityVersion = "Xcode 8.0";
			developmentRegion = en;
			hasScannedForEncodings = 0;
			knownRegions = (
				en,
				Base,
			);
			mainGroup = 05361E9A222A56E400E3150E;
			productRefGroup = 05361EA4222A56E400E3150E /* Products */;
			projectDirPath = "";
			projectRoot = "";
			targets = (
				05361EA2222A56E400E3150E /* Demo Map */,
			);
		};
/* End PBXProject section */

/* Begin PBXResourcesBuildPhase section */
		05361EA1222A56E400E3150E /* Resources */ = {
			isa = PBXResourcesBuildPhase;
			buildActionMask = 2147483647;
			files = (
				05361EB1222A56E400E3150E /* LaunchScreen.storyboard in Resources */,
				05361EAE222A56E400E3150E /* Assets.xcassets in Resources */,
				05361EAC222A56E400E3150E /* Main.storyboard in Resources */,
			);
			runOnlyForDeploymentPostprocessing = 0;
		};
/* End PBXResourcesBuildPhase section */

/* Begin PBXShellScriptBuildPhase section */
		18068FEA2C998E9618E70AC9 /* [CP] Copy Pods Resources */ = {
			isa = PBXShellScriptBuildPhase;
			buildActionMask = 2147483647;
			files = (
			);
			inputPaths = (
				"${SRCROOT}/Pods/Target Support Files/Pods-Demo Map/Pods-Demo Map-resources.sh",
				"${PODS_ROOT}/GoogleMaps/Maps/Frameworks/GoogleMaps.framework/Resources/GoogleMaps.bundle",
				"${PODS_ROOT}/GooglePlaces/Frameworks/GooglePlaces.framework/Resources/GooglePlaces.bundle",
			);
			name = "[CP] Copy Pods Resources";
			outputPaths = (
				"${TARGET_BUILD_DIR}/${UNLOCALIZED_RESOURCES_FOLDER_PATH}/GoogleMaps.bundle",
				"${TARGET_BUILD_DIR}/${UNLOCALIZED_RESOURCES_FOLDER_PATH}/GooglePlaces.bundle",
			);
			runOnlyForDeploymentPostprocessing = 0;
			shellPath = /bin/sh;
			shellScript = "\"${SRCROOT}/Pods/Target Support Files/Pods-Demo Map/Pods-Demo Map-resources.sh\"\n";
			showEnvVarsInLog = 0;
		};
		9D1D7DD56C5B6D1882507E15 /* [CP] Check Pods Manifest.lock */ = {
			isa = PBXShellScriptBuildPhase;
			buildActionMask = 2147483647;
			files = (
			);
			inputPaths = (
				"${PODS_PODFILE_DIR_PATH}/Podfile.lock",
				"${PODS_ROOT}/Manifest.lock",
			);
			name = "[CP] Check Pods Manifest.lock";
			outputPaths = (
				"$(DERIVED_FILE_DIR)/Pods-Demo Map-checkManifestLockResult.txt",
			);
			runOnlyForDeploymentPostprocessing = 0;
			shellPath = /bin/sh;
			shellScript = "diff \"${PODS_PODFILE_DIR_PATH}/Podfile.lock\" \"${PODS_ROOT}/Manifest.lock\" > /dev/null\nif [ $? != 0 ] ; then\n    # print error to STDERR\n    echo \"error: The sandbox is not in sync with the Podfile.lock. Run 'pod install' or update your CocoaPods installation.\" >&2\n    exit 1\nfi\n# This output is used by Xcode 'outputs' to avoid re-running this script phase.\necho \"SUCCESS\" > \"${SCRIPT_OUTPUT_FILE_0}\"\n";
			showEnvVarsInLog = 0;
		};
/* End PBXShellScriptBuildPhase section */

/* Begin PBXSourcesBuildPhase section */
		05361E9F222A56E400E3150E /* Sources */ = {
			isa = PBXSourcesBuildPhase;
			buildActionMask = 2147483647;
			files = (
				05361EA9222A56E400E3150E /* ViewController.swift in Sources */,
				05361EA7222A56E400E3150E /* AppDelegate.swift in Sources */,
			);
			runOnlyForDeploymentPostprocessing = 0;
		};
/* End PBXSourcesBuildPhase section */

/* Begin PBXVariantGroup section */
		05361EAA222A56E400E3150E /* Main.storyboard */ = {
			isa = PBXVariantGroup;
			children = (
				05361EAB222A56E400E3150E /* Base */,
			);
			name = Main.storyboard;
			sourceTree = "<group>";
		};
		05361EAF222A56E400E3150E /* LaunchScreen.storyboard */ = {
			isa = PBXVariantGroup;
			children = (
				05361EB0222A56E400E3150E /* Base */,
			);
			name = LaunchScreen.storyboard;
			sourceTree = "<group>";
		};
/* End PBXVariantGroup section */

/* Begin XCBuildConfiguration section */
		05361EB3222A56E400E3150E /* Debug */ = {
			isa = XCBuildConfiguration;
			buildSettings = {
				ALWAYS_SEARCH_USER_PATHS = NO;
				CLANG_ANALYZER_NONNULL = YES;
				CLANG_ANALYZER_NUMBER_OBJECT_CONVERSION = YES_AGGRESSIVE;
				CLANG_CXX_LANGUAGE_STANDARD = "gnu++14";
				CLANG_CXX_LIBRARY = "libc++";
				CLANG_ENABLE_MODULES = YES;
				CLANG_ENABLE_OBJC_ARC = YES;
				CLANG_WARN_BLOCK_CAPTURE_AUTORELEASING = YES;
				CLANG_WARN_BOOL_CONVERSION = YES;
				CLANG_WARN_COMMA = YES;
				CLANG_WARN_CONSTANT_CONVERSION = YES;
				CLANG_WARN_DIRECT_OBJC_ISA_USAGE = YES_ERROR;
				CLANG_WARN_DOCUMENTATION_COMMENTS = YES;
				CLANG_WARN_EMPTY_BODY = YES;
				CLANG_WARN_ENUM_CONVERSION = YES;
				CLANG_WARN_INFINITE_RECURSION = YES;
				CLANG_WARN_INT_CONVERSION = YES;
				CLANG_WARN_NON_LITERAL_NULL_CONVERSION = YES;
				CLANG_WARN_OBJC_LITERAL_CONVERSION = YES;
				CLANG_WARN_OBJC_ROOT_CLASS = YES_ERROR;
				CLANG_WARN_RANGE_LOOP_ANALYSIS = YES;
				CLANG_WARN_STRICT_PROTOTYPES = YES;
				CLANG_WARN_SUSPICIOUS_MOVE = YES;
				CLANG_WARN_UNGUARDED_AVAILABILITY = YES_AGGRESSIVE;
				CLANG_WARN_UNREACHABLE_CODE = YES;
				CLANG_WARN__DUPLICATE_METHOD_MATCH = YES;
				CODE_SIGN_IDENTITY = "iPhone Developer";
				COPY_PHASE_STRIP = NO;
				DEBUG_INFORMATION_FORMAT = dwarf;
				ENABLE_STRICT_OBJC_MSGSEND = YES;
				ENABLE_TESTABILITY = YES;
				GCC_C_LANGUAGE_STANDARD = gnu11;
				GCC_DYNAMIC_NO_PIC = NO;
				GCC_NO_COMMON_BLOCKS = YES;
				GCC_OPTIMIZATION_LEVEL = 0;
				GCC_PREPROCESSOR_DEFINITIONS = (
					"DEBUG=1",
					"$(inherited)",
				);
				GCC_WARN_64_TO_32_BIT_CONVERSION = YES;
				GCC_WARN_ABOUT_RETURN_TYPE = YES_ERROR;
				GCC_WARN_UNDECLARED_SELECTOR = YES;
				GCC_WARN_UNINITIALIZED_AUTOS = YES_AGGRESSIVE;
				GCC_WARN_UNUSED_FUNCTION = YES;
				GCC_WARN_UNUSED_VARIABLE = YES;
				IPHONEOS_DEPLOYMENT_TARGET = 11.2;
				MTL_ENABLE_DEBUG_INFO = YES;
				ONLY_ACTIVE_ARCH = YES;
				SDKROOT = iphoneos;
				SWIFT_ACTIVE_COMPILATION_CONDITIONS = DEBUG;
				SWIFT_OPTIMIZATION_LEVEL = "-Onone";
			};
			name = Debug;
		};
		05361EB4222A56E400E3150E /* Release */ = {
			isa = XCBuildConfiguration;
			buildSettings = {
				ALWAYS_SEARCH_USER_PATHS = NO;
				CLANG_ANALYZER_NONNULL = YES;
				CLANG_ANALYZER_NUMBER_OBJECT_CONVERSION = YES_AGGRESSIVE;
				CLANG_CXX_LANGUAGE_STANDARD = "gnu++14";
				CLANG_CXX_LIBRARY = "libc++";
				CLANG_ENABLE_MODULES = YES;
				CLANG_ENABLE_OBJC_ARC = YES;
				CLANG_WARN_BLOCK_CAPTURE_AUTORELEASING = YES;
				CLANG_WARN_BOOL_CONVERSION = YES;
				CLANG_WARN_COMMA = YES;
				CLANG_WARN_CONSTANT_CONVERSION = YES;
				CLANG_WARN_DIRECT_OBJC_ISA_USAGE = YES_ERROR;
				CLANG_WARN_DOCUMENTATION_COMMENTS = YES;
				CLANG_WARN_EMPTY_BODY = YES;
				CLANG_WARN_ENUM_CONVERSION = YES;
				CLANG_WARN_INFINITE_RECURSION = YES;
				CLANG_WARN_INT_CONVERSION = YES;
				CLANG_WARN_NON_LITERAL_NULL_CONVERSION = YES;
				CLANG_WARN_OBJC_LITERAL_CONVERSION = YES;
				CLANG_WARN_OBJC_ROOT_CLASS = YES_ERROR;
				CLANG_WARN_RANGE_LOOP_ANALYSIS = YES;
				CLANG_WARN_STRICT_PROTOTYPES = YES;
				CLANG_WARN_SUSPICIOUS_MOVE = YES;
				CLANG_WARN_UNGUARDED_AVAILABILITY = YES_AGGRESSIVE;
				CLANG_WARN_UNREACHABLE_CODE = YES;
				CLANG_WARN__DUPLICATE_METHOD_MATCH = YES;
				CODE_SIGN_IDENTITY = "iPhone Developer";
				COPY_PHASE_STRIP = NO;
				DEBUG_INFORMATION_FORMAT = "dwarf-with-dsym";
				ENABLE_NS_ASSERTIONS = NO;
				ENABLE_STRICT_OBJC_MSGSEND = YES;
				GCC_C_LANGUAGE_STANDARD = gnu11;
				GCC_NO_COMMON_BLOCKS = YES;
				GCC_WARN_64_TO_32_BIT_CONVERSION = YES;
				GCC_WARN_ABOUT_RETURN_TYPE = YES_ERROR;
				GCC_WARN_UNDECLARED_SELECTOR = YES;
				GCC_WARN_UNINITIALIZED_AUTOS = YES_AGGRESSIVE;
				GCC_WARN_UNUSED_FUNCTION = YES;
				GCC_WARN_UNUSED_VARIABLE = YES;
				IPHONEOS_DEPLOYMENT_TARGET = 11.2;
				MTL_ENABLE_DEBUG_INFO = NO;
				SDKROOT = iphoneos;
				SWIFT_OPTIMIZATION_LEVEL = "-Owholemodule";
				VALIDATE_PRODUCT = YES;
			};
			name = Release;
		};
		05361EB6222A56E400E3150E /* Debug */ = {
			isa = XCBuildConfiguration;
			baseConfigurationReference = 6A680B0EC4B9F4288BD29645 /* Pods-Demo Map.debug.xcconfig */;
			buildSettings = {
				ASSETCATALOG_COMPILER_APPICON_NAME = AppIcon;
				CODE_SIGN_STYLE = Automatic;
				DEVELOPMENT_TEAM = 7JGTT37M48;
				INFOPLIST_FILE = "Demo Map/Info.plist";
				LD_RUNPATH_SEARCH_PATHS = "$(inherited) @executable_path/Frameworks";
				PRODUCT_BUNDLE_IDENTIFIER = "com.example.Demo-Map";
				PRODUCT_NAME = "$(TARGET_NAME)";
				SWIFT_VERSION = 4.0;
				TARGETED_DEVICE_FAMILY = "1,2";
			};
			name = Debug;
		};
		05361EB7222A56E400E3150E /* Release */ = {
			isa = XCBuildConfiguration;
			baseConfigurationReference = B426FBAC5FBE5EEA5E975367 /* Pods-Demo Map.release.xcconfig */;
			buildSettings = {
				ASSETCATALOG_COMPILER_APPICON_NAME = AppIcon;
				CODE_SIGN_STYLE = Automatic;
				DEVELOPMENT_TEAM = 7JGTT37M48;
				INFOPLIST_FILE = "Demo Map/Info.plist";
				LD_RUNPATH_SEARCH_PATHS = "$(inherited) @executable_path/Frameworks";
				PRODUCT_BUNDLE_IDENTIFIER = "com.example.Demo-Map";
				PRODUCT_NAME = "$(TARGET_NAME)";
				SWIFT_VERSION = 4.0;
				TARGETED_DEVICE_FAMILY = "1,2";
			};
			name = Release;
		};
/* End XCBuildConfiguration section */

/* Begin XCConfigurationList section */
		05361E9E222A56E400E3150E /* Build configuration list for PBXProject "Demo Map" */ = {
			isa = XCConfigurationList;
			buildConfigurations = (
				05361EB3222A56E400E3150E /* Debug */,
				05361EB4222A56E400E3150E /* Release */,
			);
			defaultConfigurationIsVisible = 0;
			defaultConfigurationName = Release;
		};
		05361EB5222A56E400E3150E /* Build configuration list for PBXNativeTarget "Demo Map" */ = {
			isa = XCConfigurationList;
			buildConfigurations = (
				05361EB6222A56E400E3150E /* Debug */,
				05361EB7222A56E400E3150E /* Release */,
			);
			defaultConfigurationIsVisible = 0;
			defaultConfigurationName = Release;
		};
/* End XCConfigurationList section */
	};
	rootObject = 05361E9B222A56E400E3150E /* Project object */;
}
